# THIS IS AN AUTOGENERATED FILE. DO NOT EDIT THIS FILE DIRECTLY.
# yarn lockfile v1


"@types/lodash@^4.14.133":
  version "4.14.133"
  resolved "https://registry.yarnpkg.com/@types/lodash/-/lodash-4.14.133.tgz#430721c96da22dd1694443e68e6cec7ba1c1003d"
  integrity sha512-/3JqnvPnY58GLzG3Y7fpphOhATV1DDZ/Ak3DQufjlRK5E4u+s0CfClfNFtAGBabw+jDGtRFbOZe+Z02ZMWCBNQ==

"@types/urijs@^1.19.1":
  version "1.19.1"
  resolved "https://registry.yarnpkg.com/@types/urijs/-/urijs-1.19.1.tgz#da69e8479eec0bb4580c7cc218d218f107d2d526"
  integrity sha512-5waMuQ9z8pH8+5yAyX05bsA7SOl50l5ZkeMripxoOgN2+nSQb4TOSuhWoRlPt7FPIIohk6iBrX/rEktUJa8KfQ==

typescript@^3.5.1:
  version "3.5.1"
  resolved "https://registry.yarnpkg.com/typescript/-/typescript-3.5.1.tgz#ba72a6a600b2158139c5dd8850f700e231464202"
  integrity sha512-64HkdiRv1yYZsSe4xC1WVgamNigVYjlssIoaH2HcZF0+ijsk5YK2g0G34w9wJkze8+5ow4STd22AynfO6ZYYLw==

urijs@^1.19.1:
  version "1.19.1"
  resolved "https://registry.yarnpkg.com/urijs/-/urijs-1.19.1.tgz#5b0ff530c0cbde8386f6342235ba5ca6e995d25a"
  integrity sha512-xVrGVi94ueCJNrBSTjWqjvtgvl3cyOTThp2zaMaFNGp3F542TR6sM3f2o8RqZl+AwteClSVmoCyt0ka4RjQOQg==
