# THIS IS AN AUTOGENERATED FILE. DO NOT EDIT THIS FILE DIRECTLY.
# yarn lockfile v1


"@types/lodash@^4.14.133":
  version "4.14.133"
  resolved "https://registry.yarnpkg.com/@types/lodash/-/lodash-4.14.133.tgz#430721c96da22dd1694443e68e6cec7ba1c1003d"
  integrity sha512-/3JqnvPnY58GLzG3Y7fpphOhATV1DDZ/Ak3DQufjlRK5E4u+s0CfClfNFtAGBabw+jDGtRFbOZe+Z02ZMWCBNQ==

"@types/urijs@^1.19.1":
  version "1.19.1"
  resolved "https://registry.yarnpkg.com/@types/urijs/-/urijs-1.19.1.tgz#da69e8479eec0bb4580c7cc218d218f107d2d526"
  integrity sha512-5waMuQ9z8pH8+5yAyX05bsA7SOl50l5ZkeMripxoOgN2+nSQb4TOSuhWoRlPt7FPIIohk6iBrX/rEktUJa8KfQ==

ip-regex@^4.1.0:
  version "4.1.0"
  resolved "https://registry.yarnpkg.com/ip-regex/-/ip-regex-4.1.0.tgz#5ad62f685a14edb421abebc2fff8db94df67b455"
  integrity sha512-pKnZpbgCTfH/1NLIlOduP/V+WRXzC2MOz3Qo8xmxk8C5GudJLgK5QyLVXOSWy3ParAH7Eemurl3xjv/WXYFvMA==

tlds@^1.203.0:
  version "1.203.1"
  resolved "https://registry.yarnpkg.com/tlds/-/tlds-1.203.1.tgz#4dc9b02f53de3315bc98b80665e13de3edfc1dfc"
  integrity sha512-7MUlYyGJ6rSitEZ3r1Q1QNV8uSIzapS8SmmhSusBuIc7uIxPPwsKllEP0GRp1NS6Ik6F+fRZvnjDWm3ecv2hDw==

typescript@^3.5.1:
  version "3.5.1"
  resolved "https://registry.yarnpkg.com/typescript/-/typescript-3.5.1.tgz#ba72a6a600b2158139c5dd8850f700e231464202"
  integrity sha512-64HkdiRv1yYZsSe4xC1WVgamNigVYjlssIoaH2HcZF0+ijsk5YK2g0G34w9wJkze8+5ow4STd22AynfO6ZYYLw==

urijs@^1.19.1:
  version "1.19.8"
  resolved "https://registry.yarnpkg.com/urijs/-/urijs-1.19.8.tgz#ee0407a18528934d3c383e691912f47043a58feb"
  integrity sha512-iIXHrjomQ0ZCuDRy44wRbyTZVnfVNLVo3Ksz1yxNyE5wV1IDZW2S5Jszy45DTlw/UdsnRT7DyDhIz7Gy+vJumw==

url-regex@^5.0.0:
  version "5.0.0"
  resolved "https://registry.yarnpkg.com/url-regex/-/url-regex-5.0.0.tgz#8f5456ab83d898d18b2f91753a702649b873273a"
  integrity sha512-O08GjTiAFNsSlrUWfqF1jH0H1W3m35ZyadHrGv5krdnmPPoxP27oDTqux/579PtaroiSGm5yma6KT1mHFH6Y/g==
  dependencies:
    ip-regex "^4.1.0"
    tlds "^1.203.0"
